dependencies:
  aoife: 1.7.2
  aoife-route: 0.1.10
  fs-extra: 9.1.0
  marked: 2.0.1
  mermaid: 8.9.2
  template-css: 1.5.6
  xgplayer: 2.18.4
devDependencies:
  '@types/fs-extra': 9.0.8
  '@types/marked': 1.2.2
  '@types/mermaid': 8.2.2
  vite: 2.0.5
lockfileVersion: 5.2
packages:
  /@braintree/sanitize-url/3.1.0:
    dev: false
    resolution:
      integrity: sha512-GcIY79elgB+azP74j8vqkiXz8xLFfIzbQJdlwOPisgbKT00tviJQuEghOXSMVxJ00HoYJbGswr4kcllUc4xCcg==
  /@types/fs-extra/9.0.8:
    dependencies:
      '@types/node': 14.14.34
    dev: true
    resolution:
      integrity: sha512-bnlTVTwq03Na7DpWxFJ1dvnORob+Otb8xHyUqUWhqvz/Ksg8+JXPlR52oeMSZ37YEOa5PyccbgUNutiQdi13TA==
  /@types/marked/1.2.2:
    dev: true
    resolution:
      integrity: sha512-wLfw1hnuuDYrFz97IzJja0pdVsC0oedtS4QsKH1/inyW9qkLQbXgMUqEQT0MVtUBx3twjWeInUfjQbhBVLECXw==
  /@types/mermaid/8.2.2:
    dev: true
    resolution:
      integrity: sha512-39J4oa7WH1MFrCZd1VTiaywNAHH53q2PJLwFze/9XBwk27zTztCM7L0inLbIAN2ZvVb+4EJLWy/h1ooQ7n9Ckg==
  /@types/node/14.14.34:
    dev: true
    resolution:
      integrity: sha512-dBPaxocOK6UVyvhbnpFIj2W+S+1cBTkHQbFQfeeJhoKFbzYcVUGHvddeWPSucKATb3F0+pgDq0i6ghEaZjsugA==
  /ansi-styles/3.2.1:
    dependencies:
      color-convert: 1.9.3
    dev: false
    engines:
      node: '>=4'
    resolution:
      integrity: sha512-VT0ZI6kZRdTh8YyJw3SMbYm/u+NqfsAxEpWO0Pf9sq8/e94WxxOpPKx9FR1FlyCtOVDNOQ+8ntlqFxiRc+r5qA==
  /aoife-route/0.1.10:
    dev: false
    resolution:
      integrity: sha512-y0FslX5fanZz9zp8DpBafNHVGAy35yrdBxeVsX+bxUNXz5JLlRf8FE8w1NR3l7fHp/yY/xrqnuofPW6qq0icyw==
  /aoife/1.7.2:
    dev: false
    resolution:
      integrity: sha512-Cq+eHHoq4i3VPVpk6za3xqbHoR/YCaWV9r9nqOOmy4S+VNbKdzhRsQl8xE0oRPZsF//u5nwGnAXwrP5/xmt59A==
  /at-least-node/1.0.0:
    dev: false
    engines:
      node: '>= 4.0.0'
    resolution:
      integrity: sha512-+q/t7Ekv1EDY2l6Gda6LLiX14rU9TV20Wa3ofeQmwPFZbOMo9DXrLbOjFaaclkXKWidIaopwAObQDqwWtGUjqg==
  /buffer-from/1.1.1:
    dev: false
    resolution:
      integrity: sha512-MQcXEUbCKtEo7bhqEs6560Hyd4XaovZlO/k9V3hjVUF/zwW7KBVdSK4gIt/bzwS9MbR5qob+F5jusZsb0YQK2A==
  /camel-case/3.0.0:
    dependencies:
      no-case: 2.3.2
      upper-case: 1.1.3
    dev: false
    resolution:
      integrity: sha1-yjw2iKTpzzpM2nd9xNy8cTJJz3M=
  /chalk/2.4.2:
    dependencies:
      ansi-styles: 3.2.1
      escape-string-regexp: 1.0.5
      supports-color: 5.5.0
    dev: false
    engines:
      node: '>=4'
    resolution:
      integrity: sha512-Mti+f9lpJNcwF4tWV8/OrTTtF1gZi+f8FqlyAdouralcFWFQWF2+NgCHShjkCb+IFBLq9buZwE1xckQU4peSuQ==
  /clean-css/4.2.3:
    dependencies:
      source-map: 0.6.1
    dev: false
    engines:
      node: '>= 4.0'
    resolution:
      integrity: sha512-VcMWDN54ZN/DS+g58HYL5/n4Zrqe8vHJpGA8KdgUXFU4fuP/aHNw8eld9SyEIyabIMJX/0RaY/fplOo5hYLSFA==
  /color-convert/1.9.3:
    dependencies:
      color-name: 1.1.3
    dev: false
    resolution:
      integrity: sha512-QfAUtd+vFdAtFQcC8CCyYt1fYWxSqAiK2cSD6zDB8N3cpsEBAvRxp9zOGg6G/SHHJYAT88/az/IuDGALsNVbGg==
  /color-name/1.1.3:
    dev: false
    resolution:
      integrity: sha1-p9BVi9icQveV3UIyj3QIMcpTvCU=
  /colorette/1.2.2:
    dev: true
    resolution:
      integrity: sha512-MKGMzyfeuutC/ZJ1cba9NqcNpfeqMUcYmyF1ZFY6/Cn7CNSAKx6a+s48sqLqyAiZuaP2TcqMhoo+dlwFnVxT9w==
  /commander/2.20.3:
    dev: false
    resolution:
      integrity: sha512-GpVkmM8vF2vQUkj2LvZmD35JxeJOLCwJ9cUkugyk2nuhbv3+mJvpLYYt+0+USMxE+oj+ey/lJEnhZw75x/OMcQ==
  /css-b64-images/0.2.5:
    dev: false
    hasBin: true
    resolution:
      integrity: sha1-QgBdgyBLK0pdk7axpWRBM7WSegI=
  /d/1.0.1:
    dependencies:
      es5-ext: 0.10.53
      type: 1.2.0
    dev: false
    resolution:
      integrity: sha512-m62ShEObQ39CfralilEQRjH6oAMtNCV1xJyEx5LpRYUVN+EviphDgUc/F3hnYbADmkiNs67Y+3ylmlG7Lnu+FA==
  /d3-array/1.2.4:
    dev: false
    resolution:
      integrity: sha512-KHW6M86R+FUPYGb3R5XiYjXPq7VzwxZ22buHhAEVG5ztoEcZZMLov530mmccaqA1GghZArjQV46fuc8kUqhhHw==
  /d3-axis/1.0.12:
    dev: false
    resolution:
      integrity: sha512-ejINPfPSNdGFKEOAtnBtdkpr24c4d4jsei6Lg98mxf424ivoDP2956/5HDpIAtmHo85lqT4pruy+zEgvRUBqaQ==
  /d3-brush/1.1.6:
    dependencies:
      d3-dispatch: 1.0.6
      d3-drag: 1.2.5
      d3-interpolate: 1.4.0
      d3-selection: 1.4.2
      d3-transition: 1.3.2
    dev: false
    resolution:
      integrity: sha512-7RW+w7HfMCPyZLifTz/UnJmI5kdkXtpCbombUSs8xniAyo0vIbrDzDwUJB6eJOgl9u5DQOt2TQlYumxzD1SvYA==
  /d3-chord/1.0.6:
    dependencies:
      d3-array: 1.2.4
      d3-path: 1.0.9
    dev: false
    resolution:
      integrity: sha512-JXA2Dro1Fxw9rJe33Uv+Ckr5IrAa74TlfDEhE/jfLOaXegMQFQTAgAw9WnZL8+HxVBRXaRGCkrNU7pJeylRIuA==
  /d3-collection/1.0.7:
    dev: false
    resolution:
      integrity: sha512-ii0/r5f4sjKNTfh84Di+DpztYwqKhEyUlKoPrzUFfeSkWxjW49xU2QzO9qrPrNkpdI0XJkfzvmTu8V2Zylln6A==
  /d3-color/1.4.1:
    dev: false
    resolution:
      integrity: sha512-p2sTHSLCJI2QKunbGb7ocOh7DgTAn8IrLx21QRc/BSnodXM4sv6aLQlnfpvehFMLZEfBc6g9pH9SWQccFYfJ9Q==
  /d3-contour/1.3.2:
    dependencies:
      d3-array: 1.2.4
    dev: false
    resolution:
      integrity: sha512-hoPp4K/rJCu0ladiH6zmJUEz6+u3lgR+GSm/QdM2BBvDraU39Vr7YdDCicJcxP1z8i9B/2dJLgDC1NcvlF8WCg==
  /d3-dispatch/1.0.6:
    dev: false
    resolution:
      integrity: sha512-fVjoElzjhCEy+Hbn8KygnmMS7Or0a9sI2UzGwoB7cCtvI1XpVN9GpoYlnb3xt2YV66oXYb1fLJ8GMvP4hdU1RA==
  /d3-drag/1.2.5:
    dependencies:
      d3-dispatch: 1.0.6
      d3-selection: 1.4.2
    dev: false
    resolution:
      integrity: sha512-rD1ohlkKQwMZYkQlYVCrSFxsWPzI97+W+PaEIBNTMxRuxz9RF0Hi5nJWHGVJ3Om9d2fRTe1yOBINJyy/ahV95w==
  /d3-dsv/1.2.0:
    dependencies:
      commander: 2.20.3
      iconv-lite: 0.4.24
      rw: 1.3.3
    dev: false
    hasBin: true
    resolution:
      integrity: sha512-9yVlqvZcSOMhCYzniHE7EVUws7Fa1zgw+/EAV2BxJoG3ME19V6BQFBwI855XQDsxyOuG7NibqRMTtiF/Qup46g==
  /d3-ease/1.0.7:
    dev: false
    resolution:
      integrity: sha512-lx14ZPYkhNx0s/2HX5sLFUI3mbasHjSSpwO/KaaNACweVwxUruKyWVcb293wMv1RqTPZyZ8kSZ2NogUZNcLOFQ==
  /d3-fetch/1.2.0:
    dependencies:
      d3-dsv: 1.2.0
    dev: false
    resolution:
      integrity: sha512-yC78NBVcd2zFAyR/HnUiBS7Lf6inSCoWcSxFfw8FYL7ydiqe80SazNwoffcqOfs95XaLo7yebsmQqDKSsXUtvA==
  /d3-force/1.2.1:
    dependencies:
      d3-collection: 1.0.7
      d3-dispatch: 1.0.6
      d3-quadtree: 1.0.7
      d3-timer: 1.0.10
    dev: false
    resolution:
      integrity: sha512-HHvehyaiUlVo5CxBJ0yF/xny4xoaxFxDnBXNvNcfW9adORGZfyNF1dj6DGLKyk4Yh3brP/1h3rnDzdIAwL08zg==
  /d3-format/1.4.5:
    dev: false
    resolution:
      integrity: sha512-J0piedu6Z8iB6TbIGfZgDzfXxUFN3qQRMofy2oPdXzQibYGqPB/9iMcxr/TGalU+2RsyDO+U4f33id8tbnSRMQ==
  /d3-geo/1.12.1:
    dependencies:
      d3-array: 1.2.4
    dev: false
    resolution:
      integrity: sha512-XG4d1c/UJSEX9NfU02KwBL6BYPj8YKHxgBEw5om2ZnTRSbIcego6dhHwcxuSR3clxh0EpE38os1DVPOmnYtTPg==
  /d3-hierarchy/1.1.9:
    dev: false
    resolution:
      integrity: sha512-j8tPxlqh1srJHAtxfvOUwKNYJkQuBFdM1+JAUfq6xqH5eAqf93L7oG1NVqDa4CpFZNvnNKtCYEUC8KY9yEn9lQ==
  /d3-interpolate/1.4.0:
    dependencies:
      d3-color: 1.4.1
    dev: false
    resolution:
      integrity: sha512-V9znK0zc3jOPV4VD2zZn0sDhZU3WAE2bmlxdIwwQPPzPjvyLkd8B3JUVdS1IDUFDkWZ72c9qnv1GK2ZagTZ8EA==
  /d3-path/1.0.9:
    dev: false
    resolution:
      integrity: sha512-VLaYcn81dtHVTjEHd8B+pbe9yHWpXKZUC87PzoFmsFrJqgFwDe/qxfp5MlfsfM1V5E/iVt0MmEbWQ7FVIXh/bg==
  /d3-polygon/1.0.6:
    dev: false
    resolution:
      integrity: sha512-k+RF7WvI08PC8reEoXa/w2nSg5AUMTi+peBD9cmFc+0ixHfbs4QmxxkarVal1IkVkgxVuk9JSHhJURHiyHKAuQ==
  /d3-quadtree/1.0.7:
    dev: false
    resolution:
      integrity: sha512-RKPAeXnkC59IDGD0Wu5mANy0Q2V28L+fNe65pOCXVdVuTJS3WPKaJlFHer32Rbh9gIo9qMuJXio8ra4+YmIymA==
  /d3-random/1.1.2:
    dev: false
    resolution:
      integrity: sha512-6AK5BNpIFqP+cx/sreKzNjWbwZQCSUatxq+pPRmFIQaWuoD+NrbVWw7YWpHiXpCQ/NanKdtGDuB+VQcZDaEmYQ==
  /d3-scale-chromatic/1.5.0:
    dependencies:
      d3-color: 1.4.1
      d3-interpolate: 1.4.0
    dev: false
    resolution:
      integrity: sha512-ACcL46DYImpRFMBcpk9HhtIyC7bTBR4fNOPxwVSl0LfulDAwyiHyPOTqcDG1+t5d4P9W7t/2NAuWu59aKko/cg==
  /d3-scale/2.2.2:
    dependencies:
      d3-array: 1.2.4
      d3-collection: 1.0.7
      d3-format: 1.4.5
      d3-interpolate: 1.4.0
      d3-time: 1.1.0
      d3-time-format: 2.3.0
    dev: false
    resolution:
      integrity: sha512-LbeEvGgIb8UMcAa0EATLNX0lelKWGYDQiPdHj+gLblGVhGLyNbaCn3EvrJf0A3Y/uOOU5aD6MTh5ZFCdEwGiCw==
  /d3-selection/1.4.2:
    dev: false
    resolution:
      integrity: sha512-SJ0BqYihzOjDnnlfyeHT0e30k0K1+5sR3d5fNueCNeuhZTnGw4M4o8mqJchSwgKMXCNFo+e2VTChiSJ0vYtXkg==
  /d3-shape/1.3.7:
    dependencies:
      d3-path: 1.0.9
    dev: false
    resolution:
      integrity: sha512-EUkvKjqPFUAZyOlhY5gzCxCeI0Aep04LwIRpsZ/mLFelJiUfnK56jo5JMDSE7yyP2kLSb6LtF+S5chMk7uqPqw==
  /d3-time-format/2.3.0:
    dependencies:
      d3-time: 1.1.0
    dev: false
    resolution:
      integrity: sha512-guv6b2H37s2Uq/GefleCDtbe0XZAuy7Wa49VGkPVPMfLL9qObgBST3lEHJBMUp8S7NdLQAGIvr2KXk8Hc98iKQ==
  /d3-time/1.1.0:
    dev: false
    resolution:
      integrity: sha512-Xh0isrZ5rPYYdqhAVk8VLnMEidhz5aP7htAADH6MfzgmmicPkTo8LhkLxci61/lCB7n7UmE3bN0leRt+qvkLxA==
  /d3-timer/1.0.10:
    dev: false
    resolution:
      integrity: sha512-B1JDm0XDaQC+uvo4DT79H0XmBskgS3l6Ve+1SBCfxgmtIb1AVrPIoqd+nPSv+loMX8szQ0sVUhGngL7D5QPiXw==
  /d3-transition/1.3.2:
    dependencies:
      d3-color: 1.4.1
      d3-dispatch: 1.0.6
      d3-ease: 1.0.7
      d3-interpolate: 1.4.0
      d3-selection: 1.4.2
      d3-timer: 1.0.10
    dev: false
    resolution:
      integrity: sha512-sc0gRU4PFqZ47lPVHloMn9tlPcv8jxgOQg+0zjhfZXMQuvppjG6YuwdMBE0TuqCZjeJkLecku/l9R0JPcRhaDA==
  /d3-voronoi/1.1.4:
    dev: false
    resolution:
      integrity: sha512-dArJ32hchFsrQ8uMiTBLq256MpnZjeuBtdHpaDlYuQyjU0CVzCJl/BVW+SkszaAeH95D/8gxqAhgx0ouAWAfRg==
  /d3-zoom/1.8.3:
    dependencies:
      d3-dispatch: 1.0.6
      d3-drag: 1.2.5
      d3-interpolate: 1.4.0
      d3-selection: 1.4.2
      d3-transition: 1.3.2
    dev: false
    resolution:
      integrity: sha512-VoLXTK4wvy1a0JpH2Il+F2CiOhVu7VRXWF5M/LroMIh3/zBAC3WAt7QoIvPibOavVo20hN6/37vwAsdBejLyKQ==
  /d3/5.16.0:
    dependencies:
      d3-array: 1.2.4
      d3-axis: 1.0.12
      d3-brush: 1.1.6
      d3-chord: 1.0.6
      d3-collection: 1.0.7
      d3-color: 1.4.1
      d3-contour: 1.3.2
      d3-dispatch: 1.0.6
      d3-drag: 1.2.5
      d3-dsv: 1.2.0
      d3-ease: 1.0.7
      d3-fetch: 1.2.0
      d3-force: 1.2.1
      d3-format: 1.4.5
      d3-geo: 1.12.1
      d3-hierarchy: 1.1.9
      d3-interpolate: 1.4.0
      d3-path: 1.0.9
      d3-polygon: 1.0.6
      d3-quadtree: 1.0.7
      d3-random: 1.1.2
      d3-scale: 2.2.2
      d3-scale-chromatic: 1.5.0
      d3-selection: 1.4.2
      d3-shape: 1.3.7
      d3-time: 1.1.0
      d3-time-format: 2.3.0
      d3-timer: 1.0.10
      d3-transition: 1.3.2
      d3-voronoi: 1.1.4
      d3-zoom: 1.8.3
    dev: false
    resolution:
      integrity: sha512-4PL5hHaHwX4m7Zr1UapXW23apo6pexCgdetdJ5kTmADpG/7T9Gkxw0M0tf/pjoB63ezCCm0u5UaFYy2aMt0Mcw==
  /dagre-d3/0.6.4:
    dependencies:
      d3: 5.16.0
      dagre: 0.8.5
      graphlib: 2.1.8
      lodash: 4.17.21
    dev: false
    resolution:
      integrity: sha512-e/6jXeCP7/ptlAM48clmX4xTZc5Ek6T6kagS7Oz2HrYSdqcLZFLqpAfh7ldbZRFfxCZVyh61NEPR08UQRVxJzQ==
  /dagre/0.8.5:
    dependencies:
      graphlib: 2.1.8
      lodash: 4.17.21
    dev: false
    resolution:
      integrity: sha512-/aTqmnRta7x7MCCpExk7HQL2O4owCT2h8NT//9I1OQ9vt29Pa0BzSAkR5lwFUcQ7491yVi/3CXU9jQ5o0Mn2Sw==
  /danmu.js/0.3.3:
    dependencies:
      event-emitter: 0.3.5
    dev: false
    resolution:
      integrity: sha512-qJyqBHMAw6u2S9hTISADMyarl6dzX+4uwQF2zNs1Rm91JFnr6alhFBQS9jEBJ0ysK5huVaJCxcIekppAxe3zDQ==
  /debug/4.3.1:
    dependencies:
      ms: 2.1.2
    dev: false
    engines:
      node: '>=6.0'
    peerDependencies:
      supports-color: '*'
    peerDependenciesMeta:
      supports-color:
        optional: true
    resolution:
      integrity: sha512-doEwdvm4PCeK4K3RQN2ZC2BYUBaxwLARCqZmMjtF8a51J2Rb0xpVloFRnCODwqjpwnAoao4pelN8l3RJdv3gRQ==
  /downloadjs/1.4.7:
    dev: false
    resolution:
      integrity: sha1-9p+W+UDg0FU9rCkROYZaPNAQHjw=
  /draggabilly/2.3.0:
    dependencies:
      get-size: 2.0.3
      unidragger: 2.3.1
    dev: false
    resolution:
      integrity: sha512-gSsHrIE3rYK9fhK2vQC83t2YsbKbAHQkLsxsXw9TI3LUziq8EZXjX8g7eaf/NlrtWTFqgz7FmP/kdIvLjt64wA==
  /entity-decode/2.0.2:
    dependencies:
      he: 1.2.0
    dev: false
    resolution:
      integrity: sha512-5CCY/3ci4MC1m2jlumNjWd7VBFt4VfFnmSqSNmVcXq4gxM3Vmarxtt+SvmBnzwLS669MWdVuXboNVj1qN2esVg==
  /es5-ext/0.10.53:
    dependencies:
      es6-iterator: 2.0.3
      es6-symbol: 3.1.3
      next-tick: 1.0.0
    dev: false
    resolution:
      integrity: sha512-Xs2Stw6NiNHWypzRTY1MtaG/uJlwCk8kH81920ma8mvN8Xq1gsfhZvpkImLQArw8AHnv8MT2I45J3c0R8slE+Q==
  /es6-iterator/2.0.3:
    dependencies:
      d: 1.0.1
      es5-ext: 0.10.53
      es6-symbol: 3.1.3
    dev: false
    resolution:
      integrity: sha1-p96IkUGgWpSwhUQDstCg+/qY87c=
  /es6-symbol/3.1.3:
    dependencies:
      d: 1.0.1
      ext: 1.4.0
    dev: false
    resolution:
      integrity: sha512-NJ6Yn3FuDinBaBRWl/q5X/s4koRHBrgKAu+yGI6JCBeiu3qrcbJhwT2GeR/EXVfylRk8dpQVJoLEFhK+Mu31NA==
  /esbuild/0.8.57:
    dev: true
    hasBin: true
    requiresBuild: true
    resolution:
      integrity: sha512-j02SFrUwFTRUqiY0Kjplwjm1psuzO1d6AjaXKuOR9hrY0HuPsT6sV42B6myW34h1q4CRy+Y3g4RU/cGJeI/nNA==
  /escape-string-regexp/1.0.5:
    dev: false
    engines:
      node: '>=0.8.0'
    resolution:
      integrity: sha1-G2HAViGQqN/2rjuyzwIAyhMLhtQ=
  /ev-emitter/1.1.1:
    dev: false
    resolution:
      integrity: sha512-ipiDYhdQSCZ4hSbX4rMW+XzNKMD1prg/sTvoVmSLkuQ1MVlwjJQQA+sW8tMYR3BLUr9KjodFV4pvzunvRhd33Q==
  /event-emitter/0.3.5:
    dependencies:
      d: 1.0.1
      es5-ext: 0.10.53
    dev: false
    resolution:
      integrity: sha1-34xp7vFkeSPHFXuc6DhAYQsCzDk=
  /ext/1.4.0:
    dependencies:
      type: 2.5.0
    dev: false
    resolution:
      integrity: sha512-Key5NIsUxdqKg3vIsdw9dSuXpPCQ297y6wBjL30edxwPgt2E44WcWBZey/ZvUc6sERLTxKdyCu4gZFmUbk1Q7A==
  /fs-extra/9.1.0:
    dependencies:
      at-least-node: 1.0.0
      graceful-fs: 4.2.6
      jsonfile: 6.1.0
      universalify: 2.0.0
    dev: false
    engines:
      node: '>=10'
    resolution:
      integrity: sha512-hcg3ZmepS30/7BSFqRvoo3DOMQu7IjqxO5nCDt+zM9XWjb33Wg7ziNT+Qvqbuc3+gWpzO02JubVyk2G4Zvo1OQ==
  /fsevents/2.3.2:
    dev: true
    engines:
      node: ^8.16.0 || ^10.6.0 || >=11.0.0
    optional: true
    os:
      - darwin
    resolution:
      integrity: sha512-xiqMQR4xAeHTuB9uWm+fFRcIOgKBMiOBP+eXiyT7jsgVCq1bkVygt00oASowB7EdtpOHaaPgKt812P9ab+DDKA==
  /function-bind/1.1.1:
    dev: true
    resolution:
      integrity: sha512-yIovAzMX49sF8Yl58fSCWJ5svSLuaibPxXQJFLmBObTuCr0Mf1KiPopGM9NiFjiYBCbfaa2Fh6breQ6ANVTI0A==
  /get-size/2.0.3:
    dev: false
    resolution:
      integrity: sha512-lXNzT/h/dTjTxRbm9BXb+SGxxzkm97h/PCIKtlN/CBCxxmkkIVV21udumMS93MuVTDX583gqc94v3RjuHmI+2Q==
  /graceful-fs/4.2.6:
    dev: false
    resolution:
      integrity: sha512-nTnJ528pbqxYanhpDYsi4Rd8MAeaBA67+RZ10CM1m3bTAVFEDcd5AuA4a6W5YkGZ1iNXHzZz8T6TBKLeBuNriQ==
  /graphlib/2.1.8:
    dependencies:
      lodash: 4.17.21
    dev: false
    resolution:
      integrity: sha512-jcLLfkpoVGmH7/InMC/1hIvOPSUh38oJtGhvrOFGzioE1DZ+0YW16RgmOJhHiuWTvGiJQ9Z1Ik43JvkRPRvE+A==
  /has-flag/3.0.0:
    dev: false
    engines:
      node: '>=4'
    resolution:
      integrity: sha1-tdRU3CGZriJWmfNGfloH87lVuv0=
  /has/1.0.3:
    dependencies:
      function-bind: 1.1.1
    dev: true
    engines:
      node: '>= 0.4.0'
    resolution:
      integrity: sha512-f2dvO0VU6Oej7RkWJGrehjbzMAjFp5/VKPp5tTpWIV4JHHZK1/BxbFRtf/siA2SWTe09caDmVtYYzWEIbBS4zw==
  /he/1.2.0:
    dev: false
    hasBin: true
    resolution:
      integrity: sha512-F/1DnUGPopORZi0ni+CvrCgHQ5FyEAHRLSApuYWMmrbSwoN2Mn/7k+Gl38gJnR7yyDZk6WLXwiGod1JOWNDKGw==
  /html-minifier/4.0.0:
    dependencies:
      camel-case: 3.0.0
      clean-css: 4.2.3
      commander: 2.20.3
      he: 1.2.0
      param-case: 2.1.1
      relateurl: 0.2.7
      uglify-js: 3.13.1
    dev: false
    engines:
      node: '>=6'
    hasBin: true
    resolution:
      integrity: sha512-aoGxanpFPLg7MkIl/DDFYtb0iWz7jMFGqFhvEDZga6/4QTjneiD8I/NXL1x5aaoCp7FSIT6h/OhykDdPsbtMig==
  /iconv-lite/0.4.24:
    dependencies:
      safer-buffer: 2.1.2
    dev: false
    engines:
      node: '>=0.10.0'
    resolution:
      integrity: sha512-v3MXnZAcvnywkTUEZomIActle7RXXeedOR31wwl7VlyoXO4Qi9arvSenNQWne1TcRwhCL1HwLI21bEqdpj8/rA==
  /is-core-module/2.2.0:
    dependencies:
      has: 1.0.3
    dev: true
    resolution:
      integrity: sha512-XRAfAdyyY5F5cOXn7hYQDqh2Xmii+DEfIcQGxK/uNwMHhIkPWO0g8msXcbzLe+MpGoR951MlqM/2iIlU4vKDdQ==
  /jsonfile/6.1.0:
    dependencies:
      universalify: 2.0.0
    dev: false
    optionalDependencies:
      graceful-fs: 4.2.6
    resolution:
      integrity: sha512-5dgndWOriYSm5cnYaJNhalLNDKOqFwyDB/rr1E9ZsGciGvKPs8R2xYGCacuf3z6K1YKDz182fd+fY3cn3pMqXQ==
  /khroma/1.3.0:
    dev: false
    resolution:
      integrity: sha512-fpi0vIulP3FrM3BQOsEs+0ujWUNrg/YyHtEAcnvPxIHbASHNXEKEsDHtU2mADnJss7KvEdz7z2pUCQAEfFaFbA==
  /lodash/4.17.21:
    dev: false
    resolution:
      integrity: sha512-v2kDEe57lecTulaDIuNTPy3Ry4gLGJ6Z1O3vE1krgXZNrsQ+LFTGHVxVjcXPs17LhbZVGedAJv8XZ1tvj5FvSg==
  /lower-case/1.1.4:
    dev: false
    resolution:
      integrity: sha1-miyr0bno4K6ZOkv31YdcOcQujqw=
  /marked/2.0.1:
    dev: false
    engines:
      node: '>= 8.16.2'
    hasBin: true
    resolution:
      integrity: sha512-5+/fKgMv2hARmMW7DOpykr2iLhl0NgjyELk5yn92iE7z8Se1IS9n3UsFm86hFXIkvMBmVxki8+ckcpjBeyo/hw==
  /mermaid/8.9.2:
    dependencies:
      '@braintree/sanitize-url': 3.1.0
      d3: 5.16.0
      dagre: 0.8.5
      dagre-d3: 0.6.4
      entity-decode: 2.0.2
      graphlib: 2.1.8
      he: 1.2.0
      khroma: 1.3.0
      minify: 4.1.3
      moment-mini: 2.24.0
      stylis: 3.5.4
    dev: false
    resolution:
      integrity: sha512-XWEaraDRDlHZexdeHSSr/MH4VJAOksRSPudchi69ecZJ7IUjjlzHsg32n4ZwJUh6lFO+NMYLHwHNNYUyxIjGPg==
  /minify/4.1.3:
    dependencies:
      clean-css: 4.2.3
      css-b64-images: 0.2.5
      debug: 4.3.1
      html-minifier: 4.0.0
      terser: 4.8.0
      try-catch: 2.0.1
      try-to-catch: 1.1.1
    dev: false
    engines:
      node: '>= 8.0.0'
    hasBin: true
    resolution:
      integrity: sha512-ykuscavxivSmVpcCzsXmsVTukWYLUUtPhHj0w2ILvHDGqC+hsuTCihBn9+PJBd58JNvWTNg9132J9nrrI2anzA==
  /moment-mini/2.24.0:
    dev: false
    resolution:
      integrity: sha512-9ARkWHBs+6YJIvrIp0Ik5tyTTtP9PoV0Ssu2Ocq5y9v8+NOOpWiRshAp8c4rZVWTOe+157on/5G+zj5pwIQFEQ==
  /ms/2.1.2:
    dev: false
    resolution:
      integrity: sha512-sGkPx+VjMtmA6MX27oA4FBFELFCZZ4S4XqeGOXCv68tT+jb3vk/RyaKWP0PTKyWtmLSM0b+adUTEvbs1PEaH2w==
  /nanoid/3.1.21:
    dev: true
    engines:
      node: ^10 || ^12 || ^13.7 || ^14 || >=15.0.1
    hasBin: true
    resolution:
      integrity: sha512-A6oZraK4DJkAOICstsGH98dvycPr/4GGDH7ZWKmMdd3vGcOurZ6JmWFUt0DA5bzrrn2FrUjmv6mFNWvv8jpppA==
  /next-tick/1.0.0:
    dev: false
    resolution:
      integrity: sha1-yobR/ogoFpsBICCOPchCS524NCw=
  /no-case/2.3.2:
    dependencies:
      lower-case: 1.1.4
    dev: false
    resolution:
      integrity: sha512-rmTZ9kz+f3rCvK2TD1Ue/oZlns7OGoIWP4fc3llxxRXlOkHKoWPPWJOfFYpITabSow43QJbRIoHQXtt10VldyQ==
  /param-case/2.1.1:
    dependencies:
      no-case: 2.3.2
    dev: false
    resolution:
      integrity: sha1-35T9jPZTHs915r75oIWPvHK+Ikc=
  /path-parse/1.0.6:
    dev: true
    resolution:
      integrity: sha512-GSmOT2EbHrINBf9SR7CDELwlJ8AENk3Qn7OikK4nFYAu3Ote2+JYNVvkpAEQm3/TLNEJFD/xZJjzyxg3KBWOzw==
  /postcss/8.2.8:
    dependencies:
      colorette: 1.2.2
      nanoid: 3.1.21
      source-map: 0.6.1
    dev: true
    engines:
      node: ^10 || ^12 || >=14
    resolution:
      integrity: sha512-1F0Xb2T21xET7oQV9eKuctbM9S7BC0fetoHCc4H13z0PT6haiRLP4T0ZY4XWh7iLP0usgqykT6p9B2RtOf4FPw==
  /relateurl/0.2.7:
    dev: false
    engines:
      node: '>= 0.10'
    resolution:
      integrity: sha1-VNvzd+UUQKypCkzSdGANP/LYiKk=
  /resolve/1.20.0:
    dependencies:
      is-core-module: 2.2.0
      path-parse: 1.0.6
    dev: true
    resolution:
      integrity: sha512-wENBPt4ySzg4ybFQW2TT1zMQucPK95HSh/nq2CFTZVOGut2+pQvSsgtda4d26YrYcr067wjbmzOG8byDPBX63A==
  /rollup/2.41.2:
    dev: true
    engines:
      node: '>=10.0.0'
    hasBin: true
    optionalDependencies:
      fsevents: 2.3.2
    resolution:
      integrity: sha512-6u8fJJXJx6fmvKrAC9DHYZgONvSkz8S9b/VFBjoQ6dkKdHyPpPbpqiNl2Bao9XBzDHpq672X6sGZ9G1ZBqAHMg==
  /rw/1.3.3:
    dev: false
    resolution:
      integrity: sha1-P4Yt+pGrdmsUiF700BEkv9oHT7Q=
  /safer-buffer/2.1.2:
    dev: false
    resolution:
      integrity: sha512-YZo3K82SD7Riyi0E1EQPojLz7kpepnSQI9IyPbHHg1XXXevb5dJI7tpyN2ADxGcQbHG7vcyRHk0cbwqcQriUtg==
  /source-map-support/0.5.19:
    dependencies:
      buffer-from: 1.1.1
      source-map: 0.6.1
    dev: false
    resolution:
      integrity: sha512-Wonm7zOCIJzBGQdB+thsPar0kYuCIzYvxZwlBa87yi/Mdjv7Tip2cyVbLj5o0cFPN4EVkuTwb3GDDyUx2DGnGw==
  /source-map/0.6.1:
    engines:
      node: '>=0.10.0'
    resolution:
      integrity: sha512-UjgapumWlbMhkBgzT7Ykc5YXUT46F0iKu8SGXq0bcwP5dz/h0Plj6enJqjz1Zbq2l5WaqYnrVbwWOWMyF3F47g==
  /stylis/3.5.4:
    dev: false
    resolution:
      integrity: sha512-8/3pSmthWM7lsPBKv7NXkzn2Uc9W7NotcwGNpJaa3k7WMM1XDCA4MgT5k/8BIexd5ydZdboXtU90XH9Ec4Bv/Q==
  /supports-color/5.5.0:
    dependencies:
      has-flag: 3.0.0
    dev: false
    engines:
      node: '>=4'
    resolution:
      integrity: sha512-QjVjwdXIt408MIiAqCX4oUKsgU2EqAGzs2Ppkm4aQYbjm+ZEWEcW4SfFNTr4uMNZma0ey4f5lgLrkB0aX0QMow==
  /template-css/1.5.6:
    dependencies:
      template-fn: 1.0.2
    dev: false
    resolution:
      integrity: sha512-6OGWQsiuvbd+LznwP+hT7D7Zkrsna55s6901d3ABbFixxkMxZpvzObekzidB8z+vXkb3rla2RNEXaOEnhnw5mg==
  /template-fn/1.0.2:
    dev: false
    resolution:
      integrity: sha512-bFMYc+ZCQBdWiDgXc02YT4fi78UmTrBtYS7IhbJ9fMXNVcChdkBENj0it3pQ1qloWlMQXhMORN4LOI6/gdYatw==
  /terser/4.8.0:
    dependencies:
      commander: 2.20.3
      source-map: 0.6.1
      source-map-support: 0.5.19
    dev: false
    engines:
      node: '>=6.0.0'
    hasBin: true
    resolution:
      integrity: sha512-EAPipTNeWsb/3wLPeup1tVPaXfIaU68xMnVdPafIL1TV05OhASArYyIfFvnvJCNrR2NIOvDVNNTFRa+Re2MWyw==
  /try-catch/2.0.1:
    dev: false
    engines:
      node: '>=0.4'
    resolution:
      integrity: sha512-LsOrmObN/2WdM+y2xG+t16vhYrQsnV8wftXIcIOWZhQcBJvKGYuamJGwnU98A7Jxs2oZNkJztXlphEOoA0DWqg==
  /try-to-catch/1.1.1:
    dev: false
    resolution:
      integrity: sha512-ikUlS+/BcImLhNYyIgZcEmq4byc31QpC+46/6Jm5ECWkVFhf8SM2Fp/0pMVXPX6vk45SMCwrP4Taxucne8I0VA==
  /type/1.2.0:
    dev: false
    resolution:
      integrity: sha512-+5nt5AAniqsCnu2cEQQdpzCAh33kVx8n0VoFidKpB1dVVLAN/F+bgVOqOJqOnEnrhp222clB5p3vUlD+1QAnfg==
  /type/2.5.0:
    dev: false
    resolution:
      integrity: sha512-180WMDQaIMm3+7hGXWf12GtdniDEy7nYcyFMKJn/eZz/6tSLXrUN9V0wKSbMjej0I1WHWbpREDEKHtqPQa9NNw==
  /uglify-js/3.13.1:
    dev: false
    engines:
      node: '>=0.8.0'
    hasBin: true
    resolution:
      integrity: sha512-EWhx3fHy3M9JbaeTnO+rEqzCe1wtyQClv6q3YWq0voOj4E+bMZBErVS1GAHPDiRGONYq34M1/d8KuQMgvi6Gjw==
  /unidragger/2.3.1:
    dependencies:
      unipointer: 2.3.0
    dev: false
    resolution:
      integrity: sha512-u+IgG7AG0MXJTKcdzAIYxCm+W5FcnA9M28203Awl6jIcE3/+9OtEyUX4Wv64y7XNKEVRKPot52IV4V6x7FlF5Q==
  /unipointer/2.3.0:
    dependencies:
      ev-emitter: 1.1.1
    dev: false
    resolution:
      integrity: sha512-m85sAoELCZhogI1owtJV3Dva7GxkHk2lI7A0otw3o0OwCuC/Q9gi7ehddigEYIAYbhkqNdri+dU1QQkrcBvirQ==
  /universalify/2.0.0:
    dev: false
    engines:
      node: '>= 10.0.0'
    resolution:
      integrity: sha512-hAZsKq7Yy11Zu1DE0OzWjw7nnLZmJZYTDZZyEFHZdUhV8FkH5MCfoU1XMaxXovpyW5nq5scPqq0ZDP9Zyl04oQ==
  /upper-case/1.1.3:
    dev: false
    resolution:
      integrity: sha1-9rRQHC7EzdJrp4vnIilh3ndiFZg=
  /vite/2.0.5:
    dependencies:
      esbuild: 0.8.57
      postcss: 8.2.8
      resolve: 1.20.0
      rollup: 2.41.2
    dev: true
    engines:
      node: '>=12.0.0'
    hasBin: true
    optionalDependencies:
      fsevents: 2.3.2
    resolution:
      integrity: sha512-QTgEDbq1WsTtr6j+++ewjhBFEk6c8v0xz4fb/OWJQKNYU8ZZtphOshwOqAlnarSstPBtWCBR0tsugXx6ajfoUg==
  /xgplayer-subtitles/1.0.8:
    dependencies:
      event-emitter: 0.3.5
    dev: false
    resolution:
      integrity: sha512-45SeXyXa0shNrizxLAe2GgJkY1T+RGVXqDgPAfmcVNkrAOxP9ruF+d8c1+ps7DGusZD/ftr6DGcJf5q7tJNIHA==
  /xgplayer/2.18.4:
    dependencies:
      chalk: 2.4.2
      commander: 2.20.3
      danmu.js: 0.3.3
      downloadjs: 1.4.7
      draggabilly: 2.3.0
      event-emitter: 0.3.5
      xgplayer-subtitles: 1.0.8
    dev: false
    hasBin: true
    resolution:
      integrity: sha512-HSsBspWvjqdFauQF9n4k1WmRTG/IC0ucvtGhvmx3C0BLk8OU3opdvmMi04lFZ4CDrF4xwcRIXd74hCtaYVk8Zw==
specifiers:
  '@types/fs-extra': ^9.0.8
  '@types/marked': ^1.2.2
  '@types/mermaid': ^8.2.2
  aoife: ^1.7.1
  aoife-route: ^0.1.10
  fs-extra: ^9.1.0
  marked: ^2.0.1
  mermaid: ^8.9.1
  template-css: ^1.5.6
  vite: ^2.0.5
  xgplayer: ^2.18.4
